Microsoft Visual Studio Solution File, Format Version 12.00
# Visual Studio Version 17
VisualStudioVersion = 17.5.2.0
MinimumVisualStudioVersion = 10.0.40219.1
Project("{2150E333-8FDC-42A3-9474-1A3956D46DE8}") = "src", "src", "{2D2D594C-366E-4A85-95C1-54201C44E610}"
EndProject
Project("{FAE04EC0-301F-11D3-BF4B-00C04F79EFBC}") = "Launcher.Core", "src\Launcher.Core\Launcher.Core.csproj", "{4C16A8EA-55E9-4937-8CCC-CCB22BE1F651}"
EndProject
Project("{FAE04EC0-301F-11D3-BF4B-00C04F79EFBC}") = "Launcher.Runtimes", "src\Launcher.Runtimes\Launcher.Runtimes.csproj", "{5323E0DA-0748-455A-B3FE-1856E3F217EF}"
EndProject
Project("{FAE04EC0-301F-11D3-BF4B-00C04F79EFBC}") = "Launcher.Models", "src\Launcher.Models\Launcher.Models.csproj", "{BF0429B9-3FB9-4130-91D8-451403B7BE9A}"
EndProject
Project("{FAE04EC0-301F-11D3-BF4B-00C04F79EFBC}") = "Launcher.Agents", "src\Launcher.Agents\Launcher.Agents.csproj", "{6CFABC71-35B1-4273-9758-3F4F8EB88049}"
EndProject
Project("{2150E333-8FDC-42A3-9474-1A3956D46DE8}") = "tests", "tests", "{3B6D508C-8119-45BE-B4BA-134CA0BE5D13}"
EndProject
Project("{FAE04EC0-301F-11D3-BF4B-00C04F79EFBC}") = "Launcher.Core.Tests", "tests\Launcher.Core.Tests\Launcher.Core.Tests.csproj", "{6F6D15AD-E091-4186-8D9E-6E8D63A70A2D}"
EndProject
Project("{FAE04EC0-301F-11D3-BF4B-00C04F79EFBC}") = "Launcher.Runtimes.Tests", "tests\Launcher.Runtimes.Tests\Launcher.Runtimes.Tests.csproj", "{69668120-34AB-4819-A0A0-DEF9FDAA58B2}"
EndProject
Project("{FAE04EC0-301F-11D3-BF4B-00C04F79EFBC}") = "Launcher.Models.Tests", "tests\Launcher.Models.Tests\Launcher.Models.Tests.csproj", "{927948DB-7D5D-41B1-8DCD-4FC18DC634F7}"
EndProject
Project("{FAE04EC0-301F-11D3-BF4B-00C04F79EFBC}") = "Launcher.Agents.Tests", "tests\Launcher.Agents.Tests\Launcher.Agents.Tests.csproj", "{93C2FBA4-6B09-4AA0-91CE-FDE7E12C56D8}"
EndProject
Project("{FAE04EC0-301F-11D3-BF4B-00C04F79EFBC}") = "Launcher.Desktop", "src\Launcher.Desktop\Launcher.Desktop.csproj", "{4B05381D-50CA-4226-9804-1AEC49C3BCF5}"
EndProject
Project("{FAE04EC0-301F-11D3-BF4B-00C04F79EFBC}") = "Launcher.Desktop.Tests", "tests\Launcher.Desktop.Tests\Launcher.Desktop.Tests.csproj", "{494D07D3-1DEC-4ED4-BDA5-831E12EAC82B}"
EndProject
Global
	GlobalSection(SolutionConfigurationPlatforms) = preSolution
		Debug|Any CPU = Debug|Any CPU
		Release|Any CPU = Release|Any CPU
	EndGlobalSection
	GlobalSection(ProjectConfigurationPlatforms) = postSolution
		{4C16A8EA-55E9-4937-8CCC-CCB22BE1F651}.Debug|Any CPU.ActiveCfg = Debug|Any CPU
		{4C16A8EA-55E9-4937-8CCC-CCB22BE1F651}.Debug|Any CPU.Build.0 = Debug|Any CPU
		{4C16A8EA-55E9-4937-8CCC-CCB22BE1F651}.Release|Any CPU.ActiveCfg = Release|Any CPU
		{4C16A8EA-55E9-4937-8CCC-CCB22BE1F651}.Release|Any CPU.Build.0 = Release|Any CPU
		{5323E0DA-0748-455A-B3FE-1856E3F217EF}.Debug|Any CPU.ActiveCfg = Debug|Any CPU
		{5323E0DA-0748-455A-B3FE-1856E3F217EF}.Debug|Any CPU.Build.0 = Debug|Any CPU
		{5323E0DA-0748-455A-B3FE-1856E3F217EF}.Release|Any CPU.ActiveCfg = Release|Any CPU
		{5323E0DA-0748-455A-B3FE-1856E3F217EF}.Release|Any CPU.Build.0 = Release|Any CPU
		{BF0429B9-3FB9-4130-91D8-451403B7BE9A}.Debug|Any CPU.ActiveCfg = Debug|Any CPU
		{BF0429B9-3FB9-4130-91D8-451403B7BE9A}.Debug|Any CPU.Build.0 = Debug|Any CPU
		{BF0429B9-3FB9-4130-91D8-451403B7BE9A}.Release|Any CPU.ActiveCfg = Release|Any CPU
		{BF0429B9-3FB9-4130-91D8-451403B7BE9A}.Release|Any CPU.Build.0 = Release|Any CPU
		{6CFABC71-35B1-4273-9758-3F4F8EB88049}.Debug|Any CPU.ActiveCfg = Debug|Any CPU
		{6CFABC71-35B1-4273-9758-3F4F8EB88049}.Debug|Any CPU.Build.0 = Debug|Any CPU
		{6CFABC71-35B1-4273-9758-3F4F8EB88049}.Release|Any CPU.ActiveCfg = Release|Any CPU
		{6CFABC71-35B1-4273-9758-3F4F8EB88049}.Release|Any CPU.Build.0 = Release|Any CPU
		{6F6D15AD-E091-4186-8D9E-6E8D63A70A2D}.Debug|Any CPU.ActiveCfg = Debug|Any CPU
		{6F6D15AD-E091-4186-8D9E-6E8D63A70A2D}.Debug|Any CPU.Build.0 = Debug|Any CPU
		{6F6D15AD-E091-4186-8D9E-6E8D63A70A2D}.Release|Any CPU.ActiveCfg = Release|Any CPU
		{6F6D15AD-E091-4186-8D9E-6E8D63A70A2D}.Release|Any CPU.Build.0 = Release|Any CPU
		{69668120-34AB-4819-A0A0-DEF9FDAA58B2}.Debug|Any CPU.ActiveCfg = Debug|Any CPU
		{69668120-34AB-4819-A0A0-DEF9FDAA58B2}.Debug|Any CPU.Build.0 = Debug|Any CPU
		{69668120-34AB-4819-A0A0-DEF9FDAA58B2}.Release|Any CPU.ActiveCfg = Release|Any CPU
		{69668120-34AB-4819-A0A0-DEF9FDAA58B2}.Release|Any CPU.Build.0 = Release|Any CPU
		{927948DB-7D5D-41B1-8DCD-4FC18DC634F7}.Debug|Any CPU.ActiveCfg = Debug|Any CPU
		{927948DB-7D5D-41B1-8DCD-4FC18DC634F7}.Debug|Any CPU.Build.0 = Debug|Any CPU
		{927948DB-7D5D-41B1-8DCD-4FC18DC634F7}.Release|Any CPU.ActiveCfg = Release|Any CPU
		{927948DB-7D5D-41B1-8DCD-4FC18DC634F7}.Release|Any CPU.Build.0 = Release|Any CPU
		{93C2FBA4-6B09-4AA0-91CE-FDE7E12C56D8}.Debug|Any CPU.ActiveCfg = Debug|Any CPU
		{93C2FBA4-6B09-4AA0-91CE-FDE7E12C56D8}.Debug|Any CPU.Build.0 = Debug|Any CPU
		{93C2FBA4-6B09-4AA0-91CE-FDE7E12C56D8}.Release|Any CPU.ActiveCfg = Release|Any CPU
		{93C2FBA4-6B09-4AA0-91CE-FDE7E12C56D8}.Release|Any CPU.Build.0 = Release|Any CPU
		{4B05381D-50CA-4226-9804-1AEC49C3BCF5}.Debug|Any CPU.ActiveCfg = Debug|Any CPU
		{4B05381D-50CA-4226-9804-1AEC49C3BCF5}.Debug|Any CPU.Build.0 = Debug|Any CPU
		{4B05381D-50CA-4226-9804-1AEC49C3BCF5}.Release|Any CPU.ActiveCfg = Release|Any CPU
		{4B05381D-50CA-4226-9804-1AEC49C3BCF5}.Release|Any CPU.Build.0 = Release|Any CPU
		{494D07D3-1DEC-4ED4-BDA5-831E12EAC82B}.Debug|Any CPU.ActiveCfg = Debug|Any CPU
		{494D07D3-1DEC-4ED4-BDA5-831E12EAC82B}.Debug|Any CPU.Build.0 = Debug|Any CPU
		{494D07D3-1DEC-4ED4-BDA5-831E12EAC82B}.Release|Any CPU.ActiveCfg = Release|Any CPU
		{494D07D3-1DEC-4ED4-BDA5-831E12EAC82B}.Release|Any CPU.Build.0 = Release|Any CPU
	EndGlobalSection
	GlobalSection(SolutionProperties) = preSolution
		HideSolutionNode = FALSE
	EndGlobalSection
	GlobalSection(ExtensibilityGlobals) = postSolution
		SolutionGuid = {BF4F3DA3-9CDE-4A64-A11A-067B646B56AA}
	EndGlobalSection
	GlobalSection(NestedProjects) = preSolution
		{4C16A8EA-55E9-4937-8CCC-CCB22BE1F651} = {2D2D594C-366E-4A85-95C1-54201C44E610}
		{5323E0DA-0748-455A-B3FE-1856E3F217EF} = {2D2D594C-366E-4A85-95C1-54201C44E610}
		{BF0429B9-3FB9-4130-91D8-451403B7BE9A} = {2D2D594C-366E-4A85-95C1-54201C44E610}
		{6CFABC71-35B1-4273-9758-3F4F8EB88049} = {2D2D594C-366E-4A85-95C1-54201C44E610}
		{6F6D15AD-E091-4186-8D9E-6E8D63A70A2D} = {3B6D508C-8119-45BE-B4BA-134CA0BE5D13}
		{69668120-34AB-4819-A0A0-DEF9FDAA58B2} = {3B6D508C-8119-45BE-B4BA-134CA0BE5D13}
		{927948DB-7D5D-41B1-8DCD-4FC18DC634F7} = {3B6D508C-8119-45BE-B4BA-134CA0BE5D13}
		{93C2FBA4-6B09-4AA0-91CE-FDE7E12C56D8} = {3B6D508C-8119-45BE-B4BA-134CA0BE5D13}
		{4B05381D-50CA-4226-9804-1AEC49C3BCF5} = {2D2D594C-366E-4A85-95C1-54201C44E610}
		{494D07D3-1DEC-4ED4-BDA5-831E12EAC82B} = {3B6D508C-8119-45BE-B4BA-134CA0BE5D13}
	EndGlobalSection
EndGlobal
